{
  "name": "rulescribe-example",
  "version": "1.0.0",
  "lockfileVersion": 3,
  "requires": true,
  "packages": {
    "": {
      "name": "rulescribe-example",
      "version": "1.0.0",
      "license": "ISC",
      "dependencies": {
        "rulescribe": "^0.2.3"
      },
      "devDependencies": {
        "typescript": "^5.4.5"
      }
    },
    "node_modules/rulescribe": {
      "version": "0.2.3",
      "resolved": "https://registry.npmjs.org/rulescribe/-/rulescribe-0.2.3.tgz",
      "integrity": "sha512-2DxH/hdTln4jyh2Si8m29iuyIv4/XekdHLszc4A/WuLGLll42L0aFbMReTd0WhJLJF7nwtUgWUjk4HehxZH1iQ=="
    },
    "node_modules/typescript": {
      "version": "5.4.5",
      "resolved": "https://registry.npmjs.org/typescript/-/typescript-5.4.5.tgz",
      "integrity": "sha512-vcI4UpRgg81oIRUFwR0WSIHKt11nJ7SAVlYNIu+QpqeyXP+gpQJy/Z4+F0aGxSE4MqwjyXvW/TzgkLAx2AGHwQ==",
      "dev": true,
      "bin": {
        "tsc": "bin/tsc",
        "tsserver": "bin/tsserver"
      },
      "engines": {
        "node": ">=14.17"
      }
    }
  }
}
