{
  "name": "rulescribe-example",
  "version": "1.1.0",
  "lockfileVersion": 3,
  "requires": true,
  "packages": {
    "": {
      "name": "rulescribe-example",
      "version": "1.1.0",
      "license": "ISC",
      "dependencies": {
        "rulescribe": "^0.3.6"
      },
      "devDependencies": {
        "typescript": "^5.4.5"
      }
    },
    "node_modules/rulescribe": {
      "version": "0.3.6",
      "resolved": "https://registry.npmjs.org/rulescribe/-/rulescribe-0.3.6.tgz",
      "integrity": "sha512-xs3vyvMQ7mPgfr1hWXnydJGUAE0E55UVz9Rvd2/1LO5mt/eT5fI8W0sOFLOT6miGgZ3ISURsf1JKfvIwhUbbnw=="
    },
    "node_modules/typescript": {
      "version": "5.4.5",
      "resolved": "https://registry.npmjs.org/typescript/-/typescript-5.4.5.tgz",
      "integrity": "sha512-vcI4UpRgg81oIRUFwR0WSIHKt11nJ7SAVlYNIu+QpqeyXP+gpQJy/Z4+F0aGxSE4MqwjyXvW/TzgkLAx2AGHwQ==",
      "dev": true,
      "bin": {
        "tsc": "bin/tsc",
        "tsserver": "bin/tsserver"
      },
      "engines": {
        "node": ">=14.17"
      }
    }
  }
}
